{
  "name": "testnpmpackage",
  "version": "1.0.0",
  "lockfileVersion": 1,
  "requires": true,
  "dependencies": {
    "arthur-demo-package": {
      "version": "1.0.0",
      "resolved": "https://registry.npmjs.org/arthur-demo-package/-/arthur-demo-package-1.0.0.tgz",
      "integrity": "sha512-nHfIA8BlI1mqImjWILeksIhoPj7/mAbzIx754O3umBGalISIuFsR9C9cmDuNa4eU8G0qZ19bHwaoCts+7B+UCw=="
    }
  }
}
